
Terraform used the selected providers to generate the following execution
plan. Resource actions are indicated with the following symbols:
  [32m+[0m create[0m

Terraform will perform the following actions:

[1m  # azurerm_linux_virtual_machine.my-vm[0m will be created
[0m  [32m+[0m[0m resource "azurerm_linux_virtual_machine" "my-vm" {
      [32m+[0m[0m admin_password                                         = (sensitive value)
      [32m+[0m[0m admin_username                                         = "adminuser"
      [32m+[0m[0m allow_extension_operations                             = true
      [32m+[0m[0m bypass_platform_safety_checks_on_user_schedule_enabled = false
      [32m+[0m[0m computer_name                                          = "Tchatua-VM-01"
      [32m+[0m[0m disable_password_authentication                        = false
      [32m+[0m[0m extensions_time_budget                                 = "PT1H30M"
      [32m+[0m[0m id                                                     = (known after apply)
      [32m+[0m[0m location                                               = "eastus"
      [32m+[0m[0m max_bid_price                                          = -1
      [32m+[0m[0m name                                                   = "example-machine"
      [32m+[0m[0m network_interface_ids                                  = (known after apply)
      [32m+[0m[0m patch_assessment_mode                                  = "ImageDefault"
      [32m+[0m[0m patch_mode                                             = "ImageDefault"
      [32m+[0m[0m platform_fault_domain                                  = -1
      [32m+[0m[0m priority                                               = "Regular"
      [32m+[0m[0m private_ip_address                                     = (known after apply)
      [32m+[0m[0m private_ip_addresses                                   = (known after apply)
      [32m+[0m[0m provision_vm_agent                                     = true
      [32m+[0m[0m public_ip_address                                      = (known after apply)
      [32m+[0m[0m public_ip_addresses                                    = (known after apply)
      [32m+[0m[0m resource_group_name                                    = "vmTchatua-rg"
      [32m+[0m[0m size                                                   = "Standard_B1s"
      [32m+[0m[0m virtual_machine_id                                     = (known after apply)

      [32m+[0m[0m admin_ssh_key {
          [32m+[0m[0m public_key = <<-EOT
                ssh-rsa AAAAB3NzaC1yc2EAAAADAQABAAABgQDHorvCh/kpG6PdIj+is00WDuMaQHwejVIvWCCeiaTWIzHbY8KIJ2rfAkObWbgg//uPXRSHB0i1rKwuxBNgPNOG0cxEFl/9ZXtr1A5gQhNjlXcet4twXfVwVCDH9kbjCOeW5VtSd8JTPPyw1RM8lxBBxC/tT7VRMcyqtFZpwXYZviOwKOcqNzMgA0BRcpmAy9K9X1Zr6EavLuClCOCf87Cs4BJvQQ1OKJ7anFd2343uvmgnRhxGMRmzN2zl7fLYRJwe4x4dbayXWuXupgYmL82XdHtIbY9wKaxyH3RkSeYTSE4zCIV3jXEFDfrFF9e0X89RDUoZelO/C33jdEGuAgXuuiJyJkmL/KMZ0Qwmp0qc281Jhx4wGt3mUGdLxGJbI/3uiFyN7j/3KZZYf/KgXsHh3LDCTYQwVRe+iQXFQqBt6+aTIjrbDJC9KRKK0Jeu6tvT01WCHAfLwmPz3kXj6413vWvScw5B7ttphSk78RsfPeIONjvQObtgXDak0+1e1DE= Tchatua@TchatuaComputer
            EOT
          [32m+[0m[0m username   = "adminuser"
        }

      [32m+[0m[0m os_disk {
          [32m+[0m[0m caching                   = "ReadWrite"
          [32m+[0m[0m disk_size_gb              = (known after apply)
          [32m+[0m[0m name                      = (known after apply)
          [32m+[0m[0m storage_account_type      = "Standard_LRS"
          [32m+[0m[0m write_accelerator_enabled = false
        }

      [32m+[0m[0m source_image_reference {
          [32m+[0m[0m offer     = "0001-com-ubuntu-server-jammy"
          [32m+[0m[0m publisher = "Canonical"
          [32m+[0m[0m sku       = "20_04-lts"
          [32m+[0m[0m version   = "latest"
        }
    }

[1m  # azurerm_network_interface.vm-nic[0m will be created
[0m  [32m+[0m[0m resource "azurerm_network_interface" "vm-nic" {
      [32m+[0m[0m applied_dns_servers           = (known after apply)
      [32m+[0m[0m dns_servers                   = (known after apply)
      [32m+[0m[0m enable_accelerated_networking = false
      [32m+[0m[0m enable_ip_forwarding          = false
      [32m+[0m[0m id                            = (known after apply)
      [32m+[0m[0m internal_dns_name_label       = (known after apply)
      [32m+[0m[0m internal_domain_name_suffix   = (known after apply)
      [32m+[0m[0m location                      = "eastus"
      [32m+[0m[0m mac_address                   = (known after apply)
      [32m+[0m[0m name                          = "VMNICCard"
      [32m+[0m[0m private_ip_address            = (known after apply)
      [32m+[0m[0m private_ip_addresses          = (known after apply)
      [32m+[0m[0m resource_group_name           = "vmTchatua-rg"
      [32m+[0m[0m virtual_machine_id            = (known after apply)

      [32m+[0m[0m ip_configuration {
          [32m+[0m[0m gateway_load_balancer_frontend_ip_configuration_id = (known after apply)
          [32m+[0m[0m name                                               = "internal"
          [32m+[0m[0m primary                                            = (known after apply)
          [32m+[0m[0m private_ip_address                                 = (known after apply)
          [32m+[0m[0m private_ip_address_allocation                      = "Dynamic"
          [32m+[0m[0m private_ip_address_version                         = "IPv4"
          [32m+[0m[0m public_ip_address_id                               = (known after apply)
          [32m+[0m[0m subnet_id                                          = (known after apply)
        }
    }

[1m  # azurerm_public_ip.vm-pub-ip[0m will be created
[0m  [32m+[0m[0m resource "azurerm_public_ip" "vm-pub-ip" {
      [32m+[0m[0m allocation_method       = "Static"
      [32m+[0m[0m ddos_protection_mode    = "VirtualNetworkInherited"
      [32m+[0m[0m fqdn                    = (known after apply)
      [32m+[0m[0m id                      = (known after apply)
      [32m+[0m[0m idle_timeout_in_minutes = 4
      [32m+[0m[0m ip_address              = (known after apply)
      [32m+[0m[0m ip_version              = "IPv4"
      [32m+[0m[0m location                = "eastus"
      [32m+[0m[0m name                    = "vmPublicIP"
      [32m+[0m[0m resource_group_name     = "vmTchatua-rg"
      [32m+[0m[0m sku                     = "Basic"
      [32m+[0m[0m sku_tier                = "Regional"
      [32m+[0m[0m tags                    = {
          [32m+[0m[0m "environment" = "dev"
        }
    }

[1m  # azurerm_resource_group.vm-rg[0m will be created
[0m  [32m+[0m[0m resource "azurerm_resource_group" "vm-rg" {
      [32m+[0m[0m id       = (known after apply)
      [32m+[0m[0m location = "eastus"
      [32m+[0m[0m name     = "vmTchatua-rg"
    }

[1m  # azurerm_subnet.vm-subnet[0m will be created
[0m  [32m+[0m[0m resource "azurerm_subnet" "vm-subnet" {
      [32m+[0m[0m address_prefixes                               = [
          [32m+[0m[0m "10.0.2.0/24",
        ]
      [32m+[0m[0m enforce_private_link_endpoint_network_policies = (known after apply)
      [32m+[0m[0m enforce_private_link_service_network_policies  = (known after apply)
      [32m+[0m[0m id                                             = (known after apply)
      [32m+[0m[0m name                                           = "vm-subnet-01"
      [32m+[0m[0m private_endpoint_network_policies_enabled      = (known after apply)
      [32m+[0m[0m private_link_service_network_policies_enabled  = (known after apply)
      [32m+[0m[0m resource_group_name                            = "vmTchatua-rg"
      [32m+[0m[0m virtual_network_name                           = "vmTchatuaVnet"
    }

[1m  # azurerm_virtual_network.vmTchatua-vnet[0m will be created
[0m  [32m+[0m[0m resource "azurerm_virtual_network" "vmTchatua-vnet" {
      [32m+[0m[0m address_space       = [
          [32m+[0m[0m "10.0.0.0/16",
        ]
      [32m+[0m[0m dns_servers         = (known after apply)
      [32m+[0m[0m guid                = (known after apply)
      [32m+[0m[0m id                  = (known after apply)
      [32m+[0m[0m location            = "eastus"
      [32m+[0m[0m name                = "vmTchatuaVnet"
      [32m+[0m[0m resource_group_name = "vmTchatua-rg"
      [32m+[0m[0m subnet              = (known after apply)
    }

[1mPlan:[0m 6 to add, 0 to change, 0 to destroy.
[0m[90m
─────────────────────────────────────────────────────────────────────────────[0m

Note: You didn't use the -out option to save this plan, so Terraform can't
guarantee to take exactly these actions if you run "terraform apply" now.
